Microsoft Visual Studio Solution File, Format Version 12.00
# Visual Studio 2012
Project("{FAE04EC0-301F-11D3-BF4B-00C04F79EFBC}") = "Guitar_tutor", "Guitar_tutor.csproj", "{AEFFF4F5-2C34-461B-B108-BEC02434C04F}"
EndProject
Global
	GlobalSection(SolutionConfigurationPlatforms) = preSolution
	Debug|Any CPU = Debug|Any CPU
	ExportDebug|Any CPU = ExportDebug|Any CPU
	ExportRelease|Any CPU = ExportRelease|Any CPU
	EndGlobalSection
	GlobalSection(ProjectConfigurationPlatforms) = postSolution
		{AEFFF4F5-2C34-461B-B108-BEC02434C04F}.Debug|Any CPU.ActiveCfg = Debug|Any CPU
		{AEFFF4F5-2C34-461B-B108-BEC02434C04F}.Debug|Any CPU.Build.0 = Debug|Any CPU
		{AEFFF4F5-2C34-461B-B108-BEC02434C04F}.ExportDebug|Any CPU.ActiveCfg = ExportDebug|Any CPU
		{AEFFF4F5-2C34-461B-B108-BEC02434C04F}.ExportDebug|Any CPU.Build.0 = ExportDebug|Any CPU
		{AEFFF4F5-2C34-461B-B108-BEC02434C04F}.ExportRelease|Any CPU.ActiveCfg = ExportRelease|Any CPU
		{AEFFF4F5-2C34-461B-B108-BEC02434C04F}.ExportRelease|Any CPU.Build.0 = ExportRelease|Any CPU
	EndGlobalSection
EndGlobal
